
Microsoft Visual Studio Solution File, Format Version 12.00
# Visual Studio Version 17
VisualStudioVersion = 17.10.35122.118
MinimumVisualStudioVersion = 10.0.40219.1
Project("{9A19103F-16F7-4668-BE54-9A1E7A4F7556}") = "TUI", "TUI.csproj", "{7E07404A-8D43-4615-A1EC-BB142D9A0FCA}"
EndProject
Global
	GlobalSection(SolutionConfigurationPlatforms) = preSolution
		Debug|Any CPU = Debug|Any CPU
		Release|Any CPU = Release|Any CPU
	EndGlobalSection
	GlobalSection(ProjectConfigurationPlatforms) = postSolution
		{7E07404A-8D43-4615-A1EC-BB142D9A0FCA}.Debug|Any CPU.ActiveCfg = Debug|Any CPU
		{7E07404A-8D43-4615-A1EC-BB142D9A0FCA}.Debug|Any CPU.Build.0 = Debug|Any CPU
		{7E07404A-8D43-4615-A1EC-BB142D9A0FCA}.Release|Any CPU.ActiveCfg = Release|Any CPU
		{7E07404A-8D43-4615-A1EC-BB142D9A0FCA}.Release|Any CPU.Build.0 = Release|Any CPU
	EndGlobalSection
	GlobalSection(SolutionProperties) = preSolution
		HideSolutionNode = FALSE
	EndGlobalSection
	GlobalSection(ExtensibilityGlobals) = postSolution
		SolutionGuid = {AA02C7ED-333E-4DE3-9D47-97F24F5F2AA8}
	EndGlobalSection
EndGlobal
